
Microsoft Visual Studio Solution File, Format Version 12.00
Project("{FAE04EC0-301F-11D3-BF4B-00C04F79EFBC}") = "akatsuki_lt_server", "akatsuki_lt_server\akatsuki_lt_server.csproj", "{977AB989-4A17-4E51-BA75-D49247ACA795}"
EndProject
Global
	GlobalSection(SolutionConfigurationPlatforms) = preSolution
		Debug|Any CPU = Debug|Any CPU
		Release|Any CPU = Release|Any CPU
	EndGlobalSection
	GlobalSection(ProjectConfigurationPlatforms) = postSolution
		{977AB989-4A17-4E51-BA75-D49247ACA795}.Debug|Any CPU.ActiveCfg = Debug|Any CPU
		{977AB989-4A17-4E51-BA75-D49247ACA795}.Debug|Any CPU.Build.0 = Debug|Any CPU
		{977AB989-4A17-4E51-BA75-D49247ACA795}.Release|Any CPU.ActiveCfg = Release|Any CPU
		{977AB989-4A17-4E51-BA75-D49247ACA795}.Release|Any CPU.Build.0 = Release|Any CPU
	EndGlobalSection
EndGlobal
